
Microsoft Visual Studio Solution File, Format Version 12.00
# Visual Studio 2017
Project("{FAE04EC0-301F-11D3-BF4B-00C04F79EFBC}") = "topDownShooter", "topDownShooter.csproj", "{8B195279-CAA5-8184-D356-4F3F6832E6AE}"
EndProject
Global
	GlobalSection(SolutionConfigurationPlatforms) = preSolution
		Debug|Any CPU = Debug|Any CPU
		Release|Any CPU = Release|Any CPU
	EndGlobalSection
	GlobalSection(ProjectConfigurationPlatforms) = postSolution
		{8B195279-CAA5-8184-D356-4F3F6832E6AE}.Debug|Any CPU.ActiveCfg = Debug|Any CPU
		{8B195279-CAA5-8184-D356-4F3F6832E6AE}.Debug|Any CPU.Build.0 = Debug|Any CPU
		{8B195279-CAA5-8184-D356-4F3F6832E6AE}.Release|Any CPU.ActiveCfg = Release|Any CPU
		{8B195279-CAA5-8184-D356-4F3F6832E6AE}.Release|Any CPU.Build.0 = Release|Any CPU
	EndGlobalSection
	GlobalSection(SolutionProperties) = preSolution
		HideSolutionNode = FALSE
	EndGlobalSection
EndGlobal
